// !$*UTF8*$!
{
	archiveVersion = 1;
	classes = {
	};
	objectVersion = 46;
	objects = {

/* Begin PBXBuildFile section */
		C12EF3E11A1AD0220053C202 /* main.m in Sources */ = {isa = PBXBuildFile; fileRef = C12EF3E01A1AD0220053C202 /* main.m */; };
		C12EF3E41A1AD0220053C202 /* AppDelegate.m in Sources */ = {isa = PBXBuildFile; fileRef = C12EF3E31A1AD0220053C202 /* AppDelegate.m */; };
		C12EF3E71A1AD0220053C202 /* ViewController.m in Sources */ = {isa = PBXBuildFile; fileRef = C12EF3E61A1AD0220053C202 /* ViewController.m */; };
		C12EF3EA1A1AD0230053C202 /* Main.storyboard in Resources */ = {isa = PBXBuildFile; fileRef = C12EF3E81A1AD0230053C202 /* Main.storyboard */; };
		C12EF3EC1A1AD0230053C202 /* Images.xcassets in Resources */ = {isa = PBXBuildFile; fileRef = C12EF3EB1A1AD0230053C202 /* Images.xcassets */; };
		C12EF3EF1A1AD0230053C202 /* LaunchScreen.xib in Resources */ = {isa = PBXBuildFile; fileRef = C12EF3ED1A1AD0230053C202 /* LaunchScreen.xib */; };
		C12EF3FB1A1AD0230053C202 /* RELEASE_2Tests.m in Sources */ = {isa = PBXBuildFile; fileRef = C12EF3FA1A1AD0230053C202 /* RELEASE_2Tests.m */; };
		C12EF40A1A1ADBE60053C202 /* green.png in Resources */ = {isa = PBXBuildFile; fileRef = C12EF4081A1ADBE60053C202 /* green.png */; };
		C12EF40B1A1ADBE60053C202 /* red.png in Resources */ = {isa = PBXBuildFile; fileRef = C12EF4091A1ADBE60053C202 /* red.png */; };
		C12EF4111A1AEE0F0053C202 /* power.png in Resources */ = {isa = PBXBuildFile; fileRef = C12EF40C1A1AEE0F0053C202 /* power.png */; };
		C12EF4121A1AEE0F0053C202 /* money.png in Resources */ = {isa = PBXBuildFile; fileRef = C12EF40D1A1AEE0F0053C202 /* money.png */; };
		C12EF4131A1AEE0F0053C202 /* time2.png in Resources */ = {isa = PBXBuildFile; fileRef = C12EF40E1A1AEE0F0053C202 /* time2.png */; };
		C12EF4141A1AEE0F0053C202 /* time.png in Resources */ = {isa = PBXBuildFile; fileRef = C12EF40F1A1AEE0F0053C202 /* time.png */; };
		C12EF4151A1AEE0F0053C202 /* gear.png in Resources */ = {isa = PBXBuildFile; fileRef = C12EF4101A1AEE0F0053C202 /* gear.png */; };
		C12EF4191A1AF0720053C202 /* circle.png in Resources */ = {isa = PBXBuildFile; fileRef = C12EF4161A1AF0720053C202 /* circle.png */; };
		C12EF41A1A1AF0720053C202 /* square.png in Resources */ = {isa = PBXBuildFile; fileRef = C12EF4171A1AF0720053C202 /* square.png */; };
		C12EF4201A1AF1B60053C202 /* gear2.png in Resources */ = {isa = PBXBuildFile; fileRef = C12EF41D1A1AF1B60053C202 /* gear2.png */; };
		C12EF4211A1AF1B60053C202 /* gears.png in Resources */ = {isa = PBXBuildFile; fileRef = C12EF41E1A1AF1B60053C202 /* gears.png */; };
		C12EF4221A1AF1B60053C202 /* time3.png in Resources */ = {isa = PBXBuildFile; fileRef = C12EF41F1A1AF1B60053C202 /* time3.png */; };
		C12EF4281A1AF2C30053C202 /* admin.png in Resources */ = {isa = PBXBuildFile; fileRef = C12EF4231A1AF2C30053C202 /* admin.png */; };
		C12EF4291A1AF2C30053C202 /* moneybag.png in Resources */ = {isa = PBXBuildFile; fileRef = C12EF4241A1AF2C30053C202 /* moneybag.png */; };
		C12EF42A1A1AF2C30053C202 /* deliver.png in Resources */ = {isa = PBXBuildFile; fileRef = C12EF4251A1AF2C30053C202 /* deliver.png */; };
		C12EF42B1A1AF2C30053C202 /* gears3.png in Resources */ = {isa = PBXBuildFile; fileRef = C12EF4261A1AF2C30053C202 /* gears3.png */; };
		C12EF42C1A1AF2C30053C202 /* carrito.png in Resources */ = {isa = PBXBuildFile; fileRef = C12EF4271A1AF2C30053C202 /* carrito.png */; };
		C12EF42E1A1AF7A20053C202 /* triangle.png in Resources */ = {isa = PBXBuildFile; fileRef = C12EF42D1A1AF7A20053C202 /* triangle.png */; };
		C12EF4301A1AF89A0053C202 /* people.png in Resources */ = {isa = PBXBuildFile; fileRef = C12EF42F1A1AF89A0053C202 /* people.png */; };
		C12EF4321A1AF9930053C202 /* box.png in Resources */ = {isa = PBXBuildFile; fileRef = C12EF4311A1AF9930053C202 /* box.png */; };
		C12EF4341A1AFA5C0053C202 /* gastos.png in Resources */ = {isa = PBXBuildFile; fileRef = C12EF4331A1AFA5C0053C202 /* gastos.png */; };
		C12EF4361A1AFAE00053C202 /* stats.png in Resources */ = {isa = PBXBuildFile; fileRef = C12EF4351A1AFAE00053C202 /* stats.png */; };
		C12EF4391A1B05BB0053C202 /* MCManager.m in Sources */ = {isa = PBXBuildFile; fileRef = C12EF4381A1B05BB0053C202 /* MCManager.m */; };
		C12EF43C1A1B060E0053C202 /* ConnectionsViewController.m in Sources */ = {isa = PBXBuildFile; fileRef = C12EF43B1A1B060E0053C202 /* ConnectionsViewController.m */; };
		C12EF4421A1B0A500053C202 /* JoinViewController.m in Sources */ = {isa = PBXBuildFile; fileRef = C12EF4411A1B0A500053C202 /* JoinViewController.m */; };
		C12EF47D1A1B0AC60053C202 /* DetailViewController.m in Sources */ = {isa = PBXBuildFile; fileRef = C12EF47C1A1B0AC60053C202 /* DetailViewController.m */; };
		C12EF4801A1B0B080053C202 /* MasterViewController.m in Sources */ = {isa = PBXBuildFile; fileRef = C12EF47F1A1B0B080053C202 /* MasterViewController.m */; };
		C12EF4831A1B0B430053C202 /* MachineViewController.m in Sources */ = {isa = PBXBuildFile; fileRef = C12EF4821A1B0B430053C202 /* MachineViewController.m */; };
		C12EF4861A1B0B820053C202 /* ResultsViewController.m in Sources */ = {isa = PBXBuildFile; fileRef = C12EF4851A1B0B820053C202 /* ResultsViewController.m */; };
		FB03582B1A24275800F585C0 /* Captura de pantalla de Simulador iOS 24.11.2014 20.46.31.png in Resources */ = {isa = PBXBuildFile; fileRef = FB03582A1A24275800F585C0 /* Captura de pantalla de Simulador iOS 24.11.2014 20.46.31.png */; };
/* End PBXBuildFile section */

/* Begin PBXContainerItemProxy section */
		C12EF3F51A1AD0230053C202 /* PBXContainerItemProxy */ = {
			isa = PBXContainerItemProxy;
			containerPortal = C12EF3D31A1AD0220053C202 /* Project object */;
			proxyType = 1;
			remoteGlobalIDString = C12EF3DA1A1AD0220053C202;
			remoteInfo = "RELEASE 2";
		};
/* End PBXContainerItemProxy section */

/* Begin PBXFileReference section */
		C12EF3DB1A1AD0220053C202 /* RELEASE 2.app */ = {isa = PBXFileReference; explicitFileType = wrapper.application; includeInIndex = 0; path = "RELEASE 2.app"; sourceTree = BUILT_PRODUCTS_DIR; };
		C12EF3DF1A1AD0220053C202 /* Info.plist */ = {isa = PBXFileReference; lastKnownFileType = text.plist.xml; path = Info.plist; sourceTree = "<group>"; };
		C12EF3E01A1AD0220053C202 /* main.m */ = {isa = PBXFileReference; lastKnownFileType = sourcecode.c.objc; path = main.m; sourceTree = "<group>"; };
		C12EF3E21A1AD0220053C202 /* AppDelegate.h */ = {isa = PBXFileReference; lastKnownFileType = sourcecode.c.h; path = AppDelegate.h; sourceTree = "<group>"; };
		C12EF3E31A1AD0220053C202 /* AppDelegate.m */ = {isa = PBXFileReference; lastKnownFileType = sourcecode.c.objc; path = AppDelegate.m; sourceTree = "<group>"; };
		C12EF3E51A1AD0220053C202 /* ViewController.h */ = {isa = PBXFileReference; lastKnownFileType = sourcecode.c.h; path = ViewController.h; sourceTree = "<group>"; };
		C12EF3E61A1AD0220053C202 /* ViewController.m */ = {isa = PBXFileReference; lastKnownFileType = sourcecode.c.objc; path = ViewController.m; sourceTree = "<group>"; };
		C12EF3E91A1AD0230053C202 /* Base */ = {isa = PBXFileReference; lastKnownFileType = file.storyboard; name = Base; path = Base.lproj/Main.storyboard; sourceTree = "<group>"; };
		C12EF3EB1A1AD0230053C202 /* Images.xcassets */ = {isa = PBXFileReference; lastKnownFileType = folder.assetcatalog; path = Images.xcassets; sourceTree = "<group>"; };
		C12EF3EE1A1AD0230053C202 /* Base */ = {isa = PBXFileReference; lastKnownFileType = file.xib; name = Base; path = Base.lproj/LaunchScreen.xib; sourceTree = "<group>"; };
		C12EF3F41A1AD0230053C202 /* RELEASE 2Tests.xctest */ = {isa = PBXFileReference; explicitFileType = wrapper.cfbundle; includeInIndex = 0; path = "RELEASE 2Tests.xctest"; sourceTree = BUILT_PRODUCTS_DIR; };
		C12EF3F91A1AD0230053C202 /* Info.plist */ = {isa = PBXFileReference; lastKnownFileType = text.plist.xml; path = Info.plist; sourceTree = "<group>"; };
		C12EF3FA1A1AD0230053C202 /* RELEASE_2Tests.m */ = {isa = PBXFileReference; lastKnownFileType = sourcecode.c.objc; path = RELEASE_2Tests.m; sourceTree = "<group>"; };
		C12EF4081A1ADBE60053C202 /* green.png */ = {isa = PBXFileReference; lastKnownFileType = image.png; path = green.png; sourceTree = "<group>"; };
		C12EF4091A1ADBE60053C202 /* red.png */ = {isa = PBXFileReference; lastKnownFileType = image.png; path = red.png; sourceTree = "<group>"; };
		C12EF40C1A1AEE0F0053C202 /* power.png */ = {isa = PBXFileReference; lastKnownFileType = image.png; path = power.png; sourceTree = "<group>"; };
		C12EF40D1A1AEE0F0053C202 /* money.png */ = {isa = PBXFileReference; lastKnownFileType = image.png; path = money.png; sourceTree = "<group>"; };
		C12EF40E1A1AEE0F0053C202 /* time2.png */ = {isa = PBXFileReference; lastKnownFileType = image.png; path = time2.png; sourceTree = "<group>"; };
		C12EF40F1A1AEE0F0053C202 /* time.png */ = {isa = PBXFileReference; lastKnownFileType = image.png; path = time.png; sourceTree = "<group>"; };
		C12EF4101A1AEE0F0053C202 /* gear.png */ = {isa = PBXFileReference; lastKnownFileType = image.png; path = gear.png; sourceTree = "<group>"; };
		C12EF4161A1AF0720053C202 /* circle.png */ = {isa = PBXFileReference; lastKnownFileType = image.png; path = circle.png; sourceTree = "<group>"; };
		C12EF4171A1AF0720053C202 /* square.png */ = {isa = PBXFileReference; lastKnownFileType = image.png; path = square.png; sourceTree = "<group>"; };
		C12EF41D1A1AF1B60053C202 /* gear2.png */ = {isa = PBXFileReference; lastKnownFileType = image.png; path = gear2.png; sourceTree = "<group>"; };
		C12EF41E1A1AF1B60053C202 /* gears.png */ = {isa = PBXFileReference; lastKnownFileType = image.png; path = gears.png; sourceTree = "<group>"; };
		C12EF41F1A1AF1B60053C202 /* time3.png */ = {isa = PBXFileReference; lastKnownFileType = image.png; path = time3.png; sourceTree = "<group>"; };
		C12EF4231A1AF2C30053C202 /* admin.png */ = {isa = PBXFileReference; lastKnownFileType = image.png; path = admin.png; sourceTree = "<group>"; };
		C12EF4241A1AF2C30053C202 /* moneybag.png */ = {isa = PBXFileReference; lastKnownFileType = image.png; path = moneybag.png; sourceTree = "<group>"; };
		C12EF4251A1AF2C30053C202 /* deliver.png */ = {isa = PBXFileReference; lastKnownFileType = image.png; path = deliver.png; sourceTree = "<group>"; };
		C12EF4261A1AF2C30053C202 /* gears3.png */ = {isa = PBXFileReference; lastKnownFileType = image.png; path = gears3.png; sourceTree = "<group>"; };
		C12EF4271A1AF2C30053C202 /* carrito.png */ = {isa = PBXFileReference; lastKnownFileType = image.png; path = carrito.png; sourceTree = "<group>"; };
		C12EF42D1A1AF7A20053C202 /* triangle.png */ = {isa = PBXFileReference; lastKnownFileType = image.png; path = triangle.png; sourceTree = "<group>"; };
		C12EF42F1A1AF89A0053C202 /* people.png */ = {isa = PBXFileReference; lastKnownFileType = image.png; path = people.png; sourceTree = "<group>"; };
		C12EF4311A1AF9930053C202 /* box.png */ = {isa = PBXFileReference; lastKnownFileType = image.png; path = box.png; sourceTree = "<group>"; };
		C12EF4331A1AFA5C0053C202 /* gastos.png */ = {isa = PBXFileReference; lastKnownFileType = image.png; path = gastos.png; sourceTree = "<group>"; };
		C12EF4351A1AFAE00053C202 /* stats.png */ = {isa = PBXFileReference; lastKnownFileType = image.png; path = stats.png; sourceTree = "<group>"; };
		C12EF4371A1B05BB0053C202 /* MCManager.h */ = {isa = PBXFileReference; fileEncoding = 4; lastKnownFileType = sourcecode.c.h; path = MCManager.h; sourceTree = "<group>"; };
		C12EF4381A1B05BB0053C202 /* MCManager.m */ = {isa = PBXFileReference; fileEncoding = 4; lastKnownFileType = sourcecode.c.objc; path = MCManager.m; sourceTree = "<group>"; };
		C12EF43A1A1B060E0053C202 /* ConnectionsViewController.h */ = {isa = PBXFileReference; fileEncoding = 4; lastKnownFileType = sourcecode.c.h; path = ConnectionsViewController.h; sourceTree = "<group>"; };
		C12EF43B1A1B060E0053C202 /* ConnectionsViewController.m */ = {isa = PBXFileReference; fileEncoding = 4; lastKnownFileType = sourcecode.c.objc; path = ConnectionsViewController.m; sourceTree = "<group>"; };
		C12EF4401A1B0A500053C202 /* JoinViewController.h */ = {isa = PBXFileReference; fileEncoding = 4; lastKnownFileType = sourcecode.c.h; path = JoinViewController.h; sourceTree = "<group>"; };
		C12EF4411A1B0A500053C202 /* JoinViewController.m */ = {isa = PBXFileReference; fileEncoding = 4; lastKnownFileType = sourcecode.c.objc; path = JoinViewController.m; sourceTree = "<group>"; };
		C12EF47B1A1B0AC60053C202 /* DetailViewController.h */ = {isa = PBXFileReference; fileEncoding = 4; lastKnownFileType = sourcecode.c.h; path = DetailViewController.h; sourceTree = "<group>"; };
		C12EF47C1A1B0AC60053C202 /* DetailViewController.m */ = {isa = PBXFileReference; fileEncoding = 4; lastKnownFileType = sourcecode.c.objc; path = DetailViewController.m; sourceTree = "<group>"; };
		C12EF47E1A1B0B080053C202 /* MasterViewController.h */ = {isa = PBXFileReference; fileEncoding = 4; lastKnownFileType = sourcecode.c.h; path = MasterViewController.h; sourceTree = "<group>"; };
		C12EF47F1A1B0B080053C202 /* MasterViewController.m */ = {isa = PBXFileReference; fileEncoding = 4; lastKnownFileType = sourcecode.c.objc; path = MasterViewController.m; sourceTree = "<group>"; };
		C12EF4811A1B0B430053C202 /* MachineViewController.h */ = {isa = PBXFileReference; fileEncoding = 4; lastKnownFileType = sourcecode.c.h; path = MachineViewController.h; sourceTree = "<group>"; };
		C12EF4821A1B0B430053C202 /* MachineViewController.m */ = {isa = PBXFileReference; fileEncoding = 4; lastKnownFileType = sourcecode.c.objc; path = MachineViewController.m; sourceTree = "<group>"; };
		C12EF4841A1B0B820053C202 /* ResultsViewController.h */ = {isa = PBXFileReference; fileEncoding = 4; lastKnownFileType = sourcecode.c.h; path = ResultsViewController.h; sourceTree = "<group>"; };
		C12EF4851A1B0B820053C202 /* ResultsViewController.m */ = {isa = PBXFileReference; fileEncoding = 4; lastKnownFileType = sourcecode.c.objc; path = ResultsViewController.m; sourceTree = "<group>"; };
		FB03582A1A24275800F585C0 /* Captura de pantalla de Simulador iOS 24.11.2014 20.46.31.png */ = {isa = PBXFileReference; lastKnownFileType = image.png; path = "Captura de pantalla de Simulador iOS 24.11.2014 20.46.31.png"; sourceTree = "<group>"; };
/* End PBXFileReference section */

/* Begin PBXFrameworksBuildPhase section */
		C12EF3D81A1AD0220053C202 /* Frameworks */ = {
			isa = PBXFrameworksBuildPhase;
			buildActionMask = 2147483647;
			files = (
			);
			runOnlyForDeploymentPostprocessing = 0;
		};
		C12EF3F11A1AD0230053C202 /* Frameworks */ = {
			isa = PBXFrameworksBuildPhase;
			buildActionMask = 2147483647;
			files = (
			);
			runOnlyForDeploymentPostprocessing = 0;
		};
/* End PBXFrameworksBuildPhase section */

/* Begin PBXGroup section */
		C12EF3D21A1AD0220053C202 = {
			isa = PBXGroup;
			children = (
				C12EF3DD1A1AD0220053C202 /* RELEASE 2 */,
				C12EF3F71A1AD0230053C202 /* RELEASE 2Tests */,
				C12EF3DC1A1AD0220053C202 /* Products */,
			);
			sourceTree = "<group>";
		};
		C12EF3DC1A1AD0220053C202 /* Products */ = {
			isa = PBXGroup;
			children = (
				C12EF3DB1A1AD0220053C202 /* RELEASE 2.app */,
				C12EF3F41A1AD0230053C202 /* RELEASE 2Tests.xctest */,
			);
			name = Products;
			sourceTree = "<group>";
		};
		C12EF3DD1A1AD0220053C202 /* RELEASE 2 */ = {
			isa = PBXGroup;
			children = (
				C12EF4821A1B0B430053C202 /* MachineViewController.m */,
				C12EF41C1A1AF0790053C202 /* img */,
				C12EF3E21A1AD0220053C202 /* AppDelegate.h */,
				C12EF3E31A1AD0220053C202 /* AppDelegate.m */,
				C12EF3E51A1AD0220053C202 /* ViewController.h */,
				C12EF3E61A1AD0220053C202 /* ViewController.m */,
				C12EF3E81A1AD0230053C202 /* Main.storyboard */,
				C12EF3EB1A1AD0230053C202 /* Images.xcassets */,
				C12EF3ED1A1AD0230053C202 /* LaunchScreen.xib */,
				C12EF3DE1A1AD0220053C202 /* Supporting Files */,
				C12EF4371A1B05BB0053C202 /* MCManager.h */,
				C12EF4381A1B05BB0053C202 /* MCManager.m */,
				C12EF43A1A1B060E0053C202 /* ConnectionsViewController.h */,
				C12EF43B1A1B060E0053C202 /* ConnectionsViewController.m */,
				C12EF4401A1B0A500053C202 /* JoinViewController.h */,
				C12EF4411A1B0A500053C202 /* JoinViewController.m */,
				C12EF4811A1B0B430053C202 /* MachineViewController.h */,
				C12EF47B1A1B0AC60053C202 /* DetailViewController.h */,
				C12EF47C1A1B0AC60053C202 /* DetailViewController.m */,
				C12EF47E1A1B0B080053C202 /* MasterViewController.h */,
				C12EF47F1A1B0B080053C202 /* MasterViewController.m */,
				C12EF4841A1B0B820053C202 /* ResultsViewController.h */,
				C12EF4851A1B0B820053C202 /* ResultsViewController.m */,
			);
			path = "RELEASE 2";
			sourceTree = "<group>";
		};
		C12EF3DE1A1AD0220053C202 /* Supporting Files */ = {
			isa = PBXGroup;
			children = (
				C12EF3DF1A1AD0220053C202 /* Info.plist */,
				C12EF3E01A1AD0220053C202 /* main.m */,
			);
			name = "Supporting Files";
			sourceTree = "<group>";
		};
		C12EF3F71A1AD0230053C202 /* RELEASE 2Tests */ = {
			isa = PBXGroup;
			children = (
				C12EF3FA1A1AD0230053C202 /* RELEASE_2Tests.m */,
				C12EF3F81A1AD0230053C202 /* Supporting Files */,
			);
			path = "RELEASE 2Tests";
			sourceTree = "<group>";
		};
		C12EF3F81A1AD0230053C202 /* Supporting Files */ = {
			isa = PBXGroup;
			children = (
				C12EF3F91A1AD0230053C202 /* Info.plist */,
			);
			name = "Supporting Files";
			sourceTree = "<group>";
		};
		C12EF41C1A1AF0790053C202 /* img */ = {
			isa = PBXGroup;
			children = (
				FB03582A1A24275800F585C0 /* Captura de pantalla de Simulador iOS 24.11.2014 20.46.31.png */,
				C12EF4351A1AFAE00053C202 /* stats.png */,
				C12EF4331A1AFA5C0053C202 /* gastos.png */,
				C12EF4311A1AF9930053C202 /* box.png */,
				C12EF42F1A1AF89A0053C202 /* people.png */,
				C12EF42D1A1AF7A20053C202 /* triangle.png */,
				C12EF4231A1AF2C30053C202 /* admin.png */,
				C12EF4241A1AF2C30053C202 /* moneybag.png */,
				C12EF4251A1AF2C30053C202 /* deliver.png */,
				C12EF4261A1AF2C30053C202 /* gears3.png */,
				C12EF4271A1AF2C30053C202 /* carrito.png */,
				C12EF41D1A1AF1B60053C202 /* gear2.png */,
				C12EF41E1A1AF1B60053C202 /* gears.png */,
				C12EF41F1A1AF1B60053C202 /* time3.png */,
				C12EF4161A1AF0720053C202 /* circle.png */,
				C12EF4171A1AF0720053C202 /* square.png */,
				C12EF40C1A1AEE0F0053C202 /* power.png */,
				C12EF40D1A1AEE0F0053C202 /* money.png */,
				C12EF40E1A1AEE0F0053C202 /* time2.png */,
				C12EF40F1A1AEE0F0053C202 /* time.png */,
				C12EF4101A1AEE0F0053C202 /* gear.png */,
				C12EF4081A1ADBE60053C202 /* green.png */,
				C12EF4091A1ADBE60053C202 /* red.png */,
			);
			name = img;
			sourceTree = "<group>";
		};
/* End PBXGroup section */

/* Begin PBXNativeTarget section */
		C12EF3DA1A1AD0220053C202 /* RELEASE 2 */ = {
			isa = PBXNativeTarget;
			buildConfigurationList = C12EF3FE1A1AD0230053C202 /* Build configuration list for PBXNativeTarget "RELEASE 2" */;
			buildPhases = (
				C12EF3D71A1AD0220053C202 /* Sources */,
				C12EF3D81A1AD0220053C202 /* Frameworks */,
				C12EF3D91A1AD0220053C202 /* Resources */,
			);
			buildRules = (
			);
			dependencies = (
			);
			name = "RELEASE 2";
			productName = "RELEASE 2";
			productReference = C12EF3DB1A1AD0220053C202 /* RELEASE 2.app */;
			productType = "com.apple.product-type.application";
		};
		C12EF3F31A1AD0230053C202 /* RELEASE 2Tests */ = {
			isa = PBXNativeTarget;
			buildConfigurationList = C12EF4011A1AD0230053C202 /* Build configuration list for PBXNativeTarget "RELEASE 2Tests" */;
			buildPhases = (
				C12EF3F01A1AD0230053C202 /* Sources */,
				C12EF3F11A1AD0230053C202 /* Frameworks */,
				C12EF3F21A1AD0230053C202 /* Resources */,
			);
			buildRules = (
			);
			dependencies = (
				C12EF3F61A1AD0230053C202 /* PBXTargetDependency */,
			);
			name = "RELEASE 2Tests";
			productName = "RELEASE 2Tests";
			productReference = C12EF3F41A1AD0230053C202 /* RELEASE 2Tests.xctest */;
			productType = "com.apple.product-type.bundle.unit-test";
		};
/* End PBXNativeTarget section */

/* Begin PBXProject section */
		C12EF3D31A1AD0220053C202 /* Project object */ = {
			isa = PBXProject;
			attributes = {
				LastUpgradeCheck = 0610;
				ORGANIZATIONNAME = JuanPauloLara;
				TargetAttributes = {
					C12EF3DA1A1AD0220053C202 = {
						CreatedOnToolsVersion = 6.1;
					};
					C12EF3F31A1AD0230053C202 = {
						CreatedOnToolsVersion = 6.1;
						TestTargetID = C12EF3DA1A1AD0220053C202;
					};
				};
			};
			buildConfigurationList = C12EF3D61A1AD0220053C202 /* Build configuration list for PBXProject "RELEASE 2" */;
			compatibilityVersion = "Xcode 3.2";
			developmentRegion = English;
			hasScannedForEncodings = 0;
			knownRegions = (
				en,
				Base,
			);
			mainGroup = C12EF3D21A1AD0220053C202;
			productRefGroup = C12EF3DC1A1AD0220053C202 /* Products */;
			projectDirPath = "";
			projectRoot = "";
			targets = (
				C12EF3DA1A1AD0220053C202 /* RELEASE 2 */,
				C12EF3F31A1AD0230053C202 /* RELEASE 2Tests */,
			);
		};
/* End PBXProject section */

/* Begin PBXResourcesBuildPhase section */
		C12EF3D91A1AD0220053C202 /* Resources */ = {
			isa = PBXResourcesBuildPhase;
			buildActionMask = 2147483647;
			files = (
				C12EF3EA1A1AD0230053C202 /* Main.storyboard in Resources */,
				C12EF4281A1AF2C30053C202 /* admin.png in Resources */,
				C12EF4121A1AEE0F0053C202 /* money.png in Resources */,
				C12EF4141A1AEE0F0053C202 /* time.png in Resources */,
				C12EF40A1A1ADBE60053C202 /* green.png in Resources */,
				C12EF4191A1AF0720053C202 /* circle.png in Resources */,
				FB03582B1A24275800F585C0 /* Captura de pantalla de Simulador iOS 24.11.2014 20.46.31.png in Resources */,
				C12EF4341A1AFA5C0053C202 /* gastos.png in Resources */,
				C12EF4321A1AF9930053C202 /* box.png in Resources */,
				C12EF3EF1A1AD0230053C202 /* LaunchScreen.xib in Resources */,
				C12EF40B1A1ADBE60053C202 /* red.png in Resources */,
				C12EF4301A1AF89A0053C202 /* people.png in Resources */,
				C12EF42C1A1AF2C30053C202 /* carrito.png in Resources */,
				C12EF4151A1AEE0F0053C202 /* gear.png in Resources */,
				C12EF4131A1AEE0F0053C202 /* time2.png in Resources */,
				C12EF4361A1AFAE00053C202 /* stats.png in Resources */,
				C12EF42A1A1AF2C30053C202 /* deliver.png in Resources */,
				C12EF3EC1A1AD0230053C202 /* Images.xcassets in Resources */,
				C12EF4201A1AF1B60053C202 /* gear2.png in Resources */,
				C12EF41A1A1AF0720053C202 /* square.png in Resources */,
				C12EF4211A1AF1B60053C202 /* gears.png in Resources */,
				C12EF4221A1AF1B60053C202 /* time3.png in Resources */,
				C12EF4111A1AEE0F0053C202 /* power.png in Resources */,
				C12EF42B1A1AF2C30053C202 /* gears3.png in Resources */,
				C12EF42E1A1AF7A20053C202 /* triangle.png in Resources */,
				C12EF4291A1AF2C30053C202 /* moneybag.png in Resources */,
			);
			runOnlyForDeploymentPostprocessing = 0;
		};
		C12EF3F21A1AD0230053C202 /* Resources */ = {
			isa = PBXResourcesBuildPhase;
			buildActionMask = 2147483647;
			files = (
			);
			runOnlyForDeploymentPostprocessing = 0;
		};
/* End PBXResourcesBuildPhase section */

/* Begin PBXSourcesBuildPhase section */
		C12EF3D71A1AD0220053C202 /* Sources */ = {
			isa = PBXSourcesBuildPhase;
			buildActionMask = 2147483647;
			files = (
				C12EF43C1A1B060E0053C202 /* ConnectionsViewController.m in Sources */,
				C12EF4831A1B0B430053C202 /* MachineViewController.m in Sources */,
				C12EF3E71A1AD0220053C202 /* ViewController.m in Sources */,
				C12EF4391A1B05BB0053C202 /* MCManager.m in Sources */,
				C12EF47D1A1B0AC60053C202 /* DetailViewController.m in Sources */,
				C12EF4801A1B0B080053C202 /* MasterViewController.m in Sources */,
				C12EF3E41A1AD0220053C202 /* AppDelegate.m in Sources */,
				C12EF4421A1B0A500053C202 /* JoinViewController.m in Sources */,
				C12EF3E11A1AD0220053C202 /* main.m in Sources */,
				C12EF4861A1B0B820053C202 /* ResultsViewController.m in Sources */,
			);
			runOnlyForDeploymentPostprocessing = 0;
		};
		C12EF3F01A1AD0230053C202 /* Sources */ = {
			isa = PBXSourcesBuildPhase;
			buildActionMask = 2147483647;
			files = (
				C12EF3FB1A1AD0230053C202 /* RELEASE_2Tests.m in Sources */,
			);
			runOnlyForDeploymentPostprocessing = 0;
		};
/* End PBXSourcesBuildPhase section */

/* Begin PBXTargetDependency section */
		C12EF3F61A1AD0230053C202 /* PBXTargetDependency */ = {
			isa = PBXTargetDependency;
			target = C12EF3DA1A1AD0220053C202 /* RELEASE 2 */;
			targetProxy = C12EF3F51A1AD0230053C202 /* PBXContainerItemProxy */;
		};
/* End PBXTargetDependency section */

/* Begin PBXVariantGroup section */
		C12EF3E81A1AD0230053C202 /* Main.storyboard */ = {
			isa = PBXVariantGroup;
			children = (
				C12EF3E91A1AD0230053C202 /* Base */,
			);
			name = Main.storyboard;
			sourceTree = "<group>";
		};
		C12EF3ED1A1AD0230053C202 /* LaunchScreen.xib */ = {
			isa = PBXVariantGroup;
			children = (
				C12EF3EE1A1AD0230053C202 /* Base */,
			);
			name = LaunchScreen.xib;
			sourceTree = "<group>";
		};
/* End PBXVariantGroup section */

/* Begin XCBuildConfiguration section */
		C12EF3FC1A1AD0230053C202 /* Debug */ = {
			isa = XCBuildConfiguration;
			buildSettings = {
				ALWAYS_SEARCH_USER_PATHS = NO;
				CLANG_CXX_LANGUAGE_STANDARD = "gnu++0x";
				CLANG_CXX_LIBRARY = "libc++";
				CLANG_ENABLE_MODULES = YES;
				CLANG_ENABLE_OBJC_ARC = YES;
				CLANG_WARN_BOOL_CONVERSION = YES;
				CLANG_WARN_CONSTANT_CONVERSION = YES;
				CLANG_WARN_DIRECT_OBJC_ISA_USAGE = YES_ERROR;
				CLANG_WARN_EMPTY_BODY = YES;
				CLANG_WARN_ENUM_CONVERSION = YES;
				CLANG_WARN_INT_CONVERSION = YES;
				CLANG_WARN_OBJC_ROOT_CLASS = YES_ERROR;
				CLANG_WARN_UNREACHABLE_CODE = YES;
				CLANG_WARN__DUPLICATE_METHOD_MATCH = YES;
				"CODE_SIGN_IDENTITY[sdk=iphoneos*]" = "iPhone Developer";
				COPY_PHASE_STRIP = NO;
				ENABLE_STRICT_OBJC_MSGSEND = YES;
				GCC_C_LANGUAGE_STANDARD = gnu99;
				GCC_DYNAMIC_NO_PIC = NO;
				GCC_OPTIMIZATION_LEVEL = 0;
				GCC_PREPROCESSOR_DEFINITIONS = (
					"DEBUG=1",
					"$(inherited)",
				);
				GCC_SYMBOLS_PRIVATE_EXTERN = NO;
				GCC_WARN_64_TO_32_BIT_CONVERSION = YES;
				GCC_WARN_ABOUT_RETURN_TYPE = YES_ERROR;
				GCC_WARN_UNDECLARED_SELECTOR = YES;
				GCC_WARN_UNINITIALIZED_AUTOS = YES_AGGRESSIVE;
				GCC_WARN_UNUSED_FUNCTION = YES;
				GCC_WARN_UNUSED_VARIABLE = YES;
				IPHONEOS_DEPLOYMENT_TARGET = 8.1;
				MTL_ENABLE_DEBUG_INFO = YES;
				ONLY_ACTIVE_ARCH = YES;
				SDKROOT = iphoneos;
				TARGETED_DEVICE_FAMILY = 2;
			};
			name = Debug;
		};
		C12EF3FD1A1AD0230053C202 /* Release */ = {
			isa = XCBuildConfiguration;
			buildSettings = {
				ALWAYS_SEARCH_USER_PATHS = NO;
				CLANG_CXX_LANGUAGE_STANDARD = "gnu++0x";
				CLANG_CXX_LIBRARY = "libc++";
				CLANG_ENABLE_MODULES = YES;
				CLANG_ENABLE_OBJC_ARC = YES;
				CLANG_WARN_BOOL_CONVERSION = YES;
				CLANG_WARN_CONSTANT_CONVERSION = YES;
				CLANG_WARN_DIRECT_OBJC_ISA_USAGE = YES_ERROR;
				CLANG_WARN_EMPTY_BODY = YES;
				CLANG_WARN_ENUM_CONVERSION = YES;
				CLANG_WARN_INT_CONVERSION = YES;
				CLANG_WARN_OBJC_ROOT_CLASS = YES_ERROR;
				CLANG_WARN_UNREACHABLE_CODE = YES;
				CLANG_WARN__DUPLICATE_METHOD_MATCH = YES;
				"CODE_SIGN_IDENTITY[sdk=iphoneos*]" = "iPhone Developer";
				COPY_PHASE_STRIP = YES;
				ENABLE_NS_ASSERTIONS = NO;
				ENABLE_STRICT_OBJC_MSGSEND = YES;
				GCC_C_LANGUAGE_STANDARD = gnu99;
				GCC_WARN_64_TO_32_BIT_CONVERSION = YES;
				GCC_WARN_ABOUT_RETURN_TYPE = YES_ERROR;
				GCC_WARN_UNDECLARED_SELECTOR = YES;
				GCC_WARN_UNINITIALIZED_AUTOS = YES_AGGRESSIVE;
				GCC_WARN_UNUSED_FUNCTION = YES;
				GCC_WARN_UNUSED_VARIABLE = YES;
				IPHONEOS_DEPLOYMENT_TARGET = 8.1;
				MTL_ENABLE_DEBUG_INFO = NO;
				SDKROOT = iphoneos;
				TARGETED_DEVICE_FAMILY = 2;
				VALIDATE_PRODUCT = YES;
			};
			name = Release;
		};
		C12EF3FF1A1AD0230053C202 /* Debug */ = {
			isa = XCBuildConfiguration;
			buildSettings = {
				ASSETCATALOG_COMPILER_APPICON_NAME = AppIcon;
				INFOPLIST_FILE = "RELEASE 2/Info.plist";
				IPHONEOS_DEPLOYMENT_TARGET = 7.1;
				LD_RUNPATH_SEARCH_PATHS = "$(inherited) @executable_path/Frameworks";
				PRODUCT_NAME = "$(TARGET_NAME)";
			};
			name = Debug;
		};
		C12EF4001A1AD0230053C202 /* Release */ = {
			isa = XCBuildConfiguration;
			buildSettings = {
				ASSETCATALOG_COMPILER_APPICON_NAME = AppIcon;
				INFOPLIST_FILE = "RELEASE 2/Info.plist";
				IPHONEOS_DEPLOYMENT_TARGET = 7.1;
				LD_RUNPATH_SEARCH_PATHS = "$(inherited) @executable_path/Frameworks";
				PRODUCT_NAME = "$(TARGET_NAME)";
			};
			name = Release;
		};
		C12EF4021A1AD0230053C202 /* Debug */ = {
			isa = XCBuildConfiguration;
			buildSettings = {
				BUNDLE_LOADER = "$(TEST_HOST)";
				FRAMEWORK_SEARCH_PATHS = (
					"$(SDKROOT)/Developer/Library/Frameworks",
					"$(inherited)",
				);
				GCC_PREPROCESSOR_DEFINITIONS = (
					"DEBUG=1",
					"$(inherited)",
				);
				INFOPLIST_FILE = "RELEASE 2Tests/Info.plist";
				LD_RUNPATH_SEARCH_PATHS = "$(inherited) @executable_path/Frameworks @loader_path/Frameworks";
				PRODUCT_NAME = "$(TARGET_NAME)";
				TEST_HOST = "$(BUILT_PRODUCTS_DIR)/RELEASE 2.app/RELEASE 2";
			};
			name = Debug;
		};
		C12EF4031A1AD0230053C202 /* Release */ = {
			isa = XCBuildConfiguration;
			buildSettings = {
				BUNDLE_LOADER = "$(TEST_HOST)";
				FRAMEWORK_SEARCH_PATHS = (
					"$(SDKROOT)/Developer/Library/Frameworks",
					"$(inherited)",
				);
				INFOPLIST_FILE = "RELEASE 2Tests/Info.plist";
				LD_RUNPATH_SEARCH_PATHS = "$(inherited) @executable_path/Frameworks @loader_path/Frameworks";
				PRODUCT_NAME = "$(TARGET_NAME)";
				TEST_HOST = "$(BUILT_PRODUCTS_DIR)/RELEASE 2.app/RELEASE 2";
			};
			name = Release;
		};
/* End XCBuildConfiguration section */

/* Begin XCConfigurationList section */
		C12EF3D61A1AD0220053C202 /* Build configuration list for PBXProject "RELEASE 2" */ = {
			isa = XCConfigurationList;
			buildConfigurations = (
				C12EF3FC1A1AD0230053C202 /* Debug */,
				C12EF3FD1A1AD0230053C202 /* Release */,
			);
			defaultConfigurationIsVisible = 0;
			defaultConfigurationName = Release;
		};
		C12EF3FE1A1AD0230053C202 /* Build configuration list for PBXNativeTarget "RELEASE 2" */ = {
			isa = XCConfigurationList;
			buildConfigurations = (
				C12EF3FF1A1AD0230053C202 /* Debug */,
				C12EF4001A1AD0230053C202 /* Release */,
			);
			defaultConfigurationIsVisible = 0;
			defaultConfigurationName = Release;
		};
		C12EF4011A1AD0230053C202 /* Build configuration list for PBXNativeTarget "RELEASE 2Tests" */ = {
			isa = XCConfigurationList;
			buildConfigurations = (
				C12EF4021A1AD0230053C202 /* Debug */,
				C12EF4031A1AD0230053C202 /* Release */,
			);
			defaultConfigurationIsVisible = 0;
			defaultConfigurationName = Release;
		};
/* End XCConfigurationList section */
	};
	rootObject = C12EF3D31A1AD0220053C202 /* Project object */;
}
