// !$*UTF8*$!
{
	archiveVersion = 1;
	classes = {
	};
	objectVersion = 46;
	objects = {

/* Begin PBXBuildFile section */
		C13276AE19FA2D2B00A411A6 /* main.m in Sources */ = {isa = PBXBuildFile; fileRef = C13276AD19FA2D2B00A411A6 /* main.m */; };
		C13276B119FA2D2B00A411A6 /* AppDelegate.m in Sources */ = {isa = PBXBuildFile; fileRef = C13276B019FA2D2B00A411A6 /* AppDelegate.m */; };
		C13276B419FA2D2B00A411A6 /* FirstViewController.m in Sources */ = {isa = PBXBuildFile; fileRef = C13276B319FA2D2B00A411A6 /* FirstViewController.m */; };
		C13276B719FA2D2B00A411A6 /* SecondViewController.m in Sources */ = {isa = PBXBuildFile; fileRef = C13276B619FA2D2B00A411A6 /* SecondViewController.m */; };
		C13276BA19FA2D2B00A411A6 /* Main.storyboard in Resources */ = {isa = PBXBuildFile; fileRef = C13276B819FA2D2B00A411A6 /* Main.storyboard */; };
		C13276BC19FA2D2B00A411A6 /* Images.xcassets in Resources */ = {isa = PBXBuildFile; fileRef = C13276BB19FA2D2B00A411A6 /* Images.xcassets */; };
		C13276BF19FA2D2B00A411A6 /* LaunchScreen.xib in Resources */ = {isa = PBXBuildFile; fileRef = C13276BD19FA2D2B00A411A6 /* LaunchScreen.xib */; };
		C13276CB19FA2D2B00A411A6 /* RELEASE_1Tests.m in Sources */ = {isa = PBXBuildFile; fileRef = C13276CA19FA2D2B00A411A6 /* RELEASE_1Tests.m */; };
/* End PBXBuildFile section */

/* Begin PBXContainerItemProxy section */
		C13276C519FA2D2B00A411A6 /* PBXContainerItemProxy */ = {
			isa = PBXContainerItemProxy;
			containerPortal = C13276A019FA2D2B00A411A6 /* Project object */;
			proxyType = 1;
			remoteGlobalIDString = C13276A719FA2D2B00A411A6;
			remoteInfo = "RELEASE 1";
		};
/* End PBXContainerItemProxy section */

/* Begin PBXFileReference section */
		C13276A819FA2D2B00A411A6 /* RELEASE 1.app */ = {isa = PBXFileReference; explicitFileType = wrapper.application; includeInIndex = 0; path = "RELEASE 1.app"; sourceTree = BUILT_PRODUCTS_DIR; };
		C13276AC19FA2D2B00A411A6 /* Info.plist */ = {isa = PBXFileReference; lastKnownFileType = text.plist.xml; path = Info.plist; sourceTree = "<group>"; };
		C13276AD19FA2D2B00A411A6 /* main.m */ = {isa = PBXFileReference; lastKnownFileType = sourcecode.c.objc; path = main.m; sourceTree = "<group>"; };
		C13276AF19FA2D2B00A411A6 /* AppDelegate.h */ = {isa = PBXFileReference; lastKnownFileType = sourcecode.c.h; path = AppDelegate.h; sourceTree = "<group>"; };
		C13276B019FA2D2B00A411A6 /* AppDelegate.m */ = {isa = PBXFileReference; lastKnownFileType = sourcecode.c.objc; path = AppDelegate.m; sourceTree = "<group>"; };
		C13276B219FA2D2B00A411A6 /* FirstViewController.h */ = {isa = PBXFileReference; lastKnownFileType = sourcecode.c.h; path = FirstViewController.h; sourceTree = "<group>"; };
		C13276B319FA2D2B00A411A6 /* FirstViewController.m */ = {isa = PBXFileReference; lastKnownFileType = sourcecode.c.objc; path = FirstViewController.m; sourceTree = "<group>"; };
		C13276B519FA2D2B00A411A6 /* SecondViewController.h */ = {isa = PBXFileReference; lastKnownFileType = sourcecode.c.h; path = SecondViewController.h; sourceTree = "<group>"; };
		C13276B619FA2D2B00A411A6 /* SecondViewController.m */ = {isa = PBXFileReference; lastKnownFileType = sourcecode.c.objc; path = SecondViewController.m; sourceTree = "<group>"; };
		C13276B919FA2D2B00A411A6 /* Base */ = {isa = PBXFileReference; lastKnownFileType = file.storyboard; name = Base; path = Base.lproj/Main.storyboard; sourceTree = "<group>"; };
		C13276BB19FA2D2B00A411A6 /* Images.xcassets */ = {isa = PBXFileReference; lastKnownFileType = folder.assetcatalog; path = Images.xcassets; sourceTree = "<group>"; };
		C13276BE19FA2D2B00A411A6 /* Base */ = {isa = PBXFileReference; lastKnownFileType = file.xib; name = Base; path = Base.lproj/LaunchScreen.xib; sourceTree = "<group>"; };
		C13276C419FA2D2B00A411A6 /* RELEASE 1Tests.xctest */ = {isa = PBXFileReference; explicitFileType = wrapper.cfbundle; includeInIndex = 0; path = "RELEASE 1Tests.xctest"; sourceTree = BUILT_PRODUCTS_DIR; };
		C13276C919FA2D2B00A411A6 /* Info.plist */ = {isa = PBXFileReference; lastKnownFileType = text.plist.xml; path = Info.plist; sourceTree = "<group>"; };
		C13276CA19FA2D2B00A411A6 /* RELEASE_1Tests.m */ = {isa = PBXFileReference; lastKnownFileType = sourcecode.c.objc; path = RELEASE_1Tests.m; sourceTree = "<group>"; };
/* End PBXFileReference section */

/* Begin PBXFrameworksBuildPhase section */
		C13276A519FA2D2B00A411A6 /* Frameworks */ = {
			isa = PBXFrameworksBuildPhase;
			buildActionMask = 2147483647;
			files = (
			);
			runOnlyForDeploymentPostprocessing = 0;
		};
		C13276C119FA2D2B00A411A6 /* Frameworks */ = {
			isa = PBXFrameworksBuildPhase;
			buildActionMask = 2147483647;
			files = (
			);
			runOnlyForDeploymentPostprocessing = 0;
		};
/* End PBXFrameworksBuildPhase section */

/* Begin PBXGroup section */
		C132769F19FA2D2B00A411A6 = {
			isa = PBXGroup;
			children = (
				C13276AA19FA2D2B00A411A6 /* RELEASE 1 */,
				C13276C719FA2D2B00A411A6 /* RELEASE 1Tests */,
				C13276A919FA2D2B00A411A6 /* Products */,
			);
			sourceTree = "<group>";
		};
		C13276A919FA2D2B00A411A6 /* Products */ = {
			isa = PBXGroup;
			children = (
				C13276A819FA2D2B00A411A6 /* RELEASE 1.app */,
				C13276C419FA2D2B00A411A6 /* RELEASE 1Tests.xctest */,
			);
			name = Products;
			sourceTree = "<group>";
		};
		C13276AA19FA2D2B00A411A6 /* RELEASE 1 */ = {
			isa = PBXGroup;
			children = (
				C13276AF19FA2D2B00A411A6 /* AppDelegate.h */,
				C13276B019FA2D2B00A411A6 /* AppDelegate.m */,
				C13276B219FA2D2B00A411A6 /* FirstViewController.h */,
				C13276B319FA2D2B00A411A6 /* FirstViewController.m */,
				C13276B519FA2D2B00A411A6 /* SecondViewController.h */,
				C13276B619FA2D2B00A411A6 /* SecondViewController.m */,
				C13276B819FA2D2B00A411A6 /* Main.storyboard */,
				C13276BB19FA2D2B00A411A6 /* Images.xcassets */,
				C13276BD19FA2D2B00A411A6 /* LaunchScreen.xib */,
				C13276AB19FA2D2B00A411A6 /* Supporting Files */,
			);
			path = "RELEASE 1";
			sourceTree = "<group>";
		};
		C13276AB19FA2D2B00A411A6 /* Supporting Files */ = {
			isa = PBXGroup;
			children = (
				C13276AC19FA2D2B00A411A6 /* Info.plist */,
				C13276AD19FA2D2B00A411A6 /* main.m */,
			);
			name = "Supporting Files";
			sourceTree = "<group>";
		};
		C13276C719FA2D2B00A411A6 /* RELEASE 1Tests */ = {
			isa = PBXGroup;
			children = (
				C13276CA19FA2D2B00A411A6 /* RELEASE_1Tests.m */,
				C13276C819FA2D2B00A411A6 /* Supporting Files */,
			);
			path = "RELEASE 1Tests";
			sourceTree = "<group>";
		};
		C13276C819FA2D2B00A411A6 /* Supporting Files */ = {
			isa = PBXGroup;
			children = (
				C13276C919FA2D2B00A411A6 /* Info.plist */,
			);
			name = "Supporting Files";
			sourceTree = "<group>";
		};
/* End PBXGroup section */

/* Begin PBXNativeTarget section */
		C13276A719FA2D2B00A411A6 /* RELEASE 1 */ = {
			isa = PBXNativeTarget;
			buildConfigurationList = C13276CE19FA2D2B00A411A6 /* Build configuration list for PBXNativeTarget "RELEASE 1" */;
			buildPhases = (
				C13276A419FA2D2B00A411A6 /* Sources */,
				C13276A519FA2D2B00A411A6 /* Frameworks */,
				C13276A619FA2D2B00A411A6 /* Resources */,
			);
			buildRules = (
			);
			dependencies = (
			);
			name = "RELEASE 1";
			productName = "RELEASE 1";
			productReference = C13276A819FA2D2B00A411A6 /* RELEASE 1.app */;
			productType = "com.apple.product-type.application";
		};
		C13276C319FA2D2B00A411A6 /* RELEASE 1Tests */ = {
			isa = PBXNativeTarget;
			buildConfigurationList = C13276D119FA2D2B00A411A6 /* Build configuration list for PBXNativeTarget "RELEASE 1Tests" */;
			buildPhases = (
				C13276C019FA2D2B00A411A6 /* Sources */,
				C13276C119FA2D2B00A411A6 /* Frameworks */,
				C13276C219FA2D2B00A411A6 /* Resources */,
			);
			buildRules = (
			);
			dependencies = (
				C13276C619FA2D2B00A411A6 /* PBXTargetDependency */,
			);
			name = "RELEASE 1Tests";
			productName = "RELEASE 1Tests";
			productReference = C13276C419FA2D2B00A411A6 /* RELEASE 1Tests.xctest */;
			productType = "com.apple.product-type.bundle.unit-test";
		};
/* End PBXNativeTarget section */

/* Begin PBXProject section */
		C13276A019FA2D2B00A411A6 /* Project object */ = {
			isa = PBXProject;
			attributes = {
				LastUpgradeCheck = 0610;
				ORGANIZATIONNAME = JuanPauloLara;
				TargetAttributes = {
					C13276A719FA2D2B00A411A6 = {
						CreatedOnToolsVersion = 6.1;
					};
					C13276C319FA2D2B00A411A6 = {
						CreatedOnToolsVersion = 6.1;
						TestTargetID = C13276A719FA2D2B00A411A6;
					};
				};
			};
			buildConfigurationList = C13276A319FA2D2B00A411A6 /* Build configuration list for PBXProject "RELEASE 1" */;
			compatibilityVersion = "Xcode 3.2";
			developmentRegion = English;
			hasScannedForEncodings = 0;
			knownRegions = (
				en,
				Base,
			);
			mainGroup = C132769F19FA2D2B00A411A6;
			productRefGroup = C13276A919FA2D2B00A411A6 /* Products */;
			projectDirPath = "";
			projectRoot = "";
			targets = (
				C13276A719FA2D2B00A411A6 /* RELEASE 1 */,
				C13276C319FA2D2B00A411A6 /* RELEASE 1Tests */,
			);
		};
/* End PBXProject section */

/* Begin PBXResourcesBuildPhase section */
		C13276A619FA2D2B00A411A6 /* Resources */ = {
			isa = PBXResourcesBuildPhase;
			buildActionMask = 2147483647;
			files = (
				C13276BA19FA2D2B00A411A6 /* Main.storyboard in Resources */,
				C13276BF19FA2D2B00A411A6 /* LaunchScreen.xib in Resources */,
				C13276BC19FA2D2B00A411A6 /* Images.xcassets in Resources */,
			);
			runOnlyForDeploymentPostprocessing = 0;
		};
		C13276C219FA2D2B00A411A6 /* Resources */ = {
			isa = PBXResourcesBuildPhase;
			buildActionMask = 2147483647;
			files = (
			);
			runOnlyForDeploymentPostprocessing = 0;
		};
/* End PBXResourcesBuildPhase section */

/* Begin PBXSourcesBuildPhase section */
		C13276A419FA2D2B00A411A6 /* Sources */ = {
			isa = PBXSourcesBuildPhase;
			buildActionMask = 2147483647;
			files = (
				C13276B719FA2D2B00A411A6 /* SecondViewController.m in Sources */,
				C13276B119FA2D2B00A411A6 /* AppDelegate.m in Sources */,
				C13276B419FA2D2B00A411A6 /* FirstViewController.m in Sources */,
				C13276AE19FA2D2B00A411A6 /* main.m in Sources */,
			);
			runOnlyForDeploymentPostprocessing = 0;
		};
		C13276C019FA2D2B00A411A6 /* Sources */ = {
			isa = PBXSourcesBuildPhase;
			buildActionMask = 2147483647;
			files = (
				C13276CB19FA2D2B00A411A6 /* RELEASE_1Tests.m in Sources */,
			);
			runOnlyForDeploymentPostprocessing = 0;
		};
/* End PBXSourcesBuildPhase section */

/* Begin PBXTargetDependency section */
		C13276C619FA2D2B00A411A6 /* PBXTargetDependency */ = {
			isa = PBXTargetDependency;
			target = C13276A719FA2D2B00A411A6 /* RELEASE 1 */;
			targetProxy = C13276C519FA2D2B00A411A6 /* PBXContainerItemProxy */;
		};
/* End PBXTargetDependency section */

/* Begin PBXVariantGroup section */
		C13276B819FA2D2B00A411A6 /* Main.storyboard */ = {
			isa = PBXVariantGroup;
			children = (
				C13276B919FA2D2B00A411A6 /* Base */,
			);
			name = Main.storyboard;
			sourceTree = "<group>";
		};
		C13276BD19FA2D2B00A411A6 /* LaunchScreen.xib */ = {
			isa = PBXVariantGroup;
			children = (
				C13276BE19FA2D2B00A411A6 /* Base */,
			);
			name = LaunchScreen.xib;
			sourceTree = "<group>";
		};
/* End PBXVariantGroup section */

/* Begin XCBuildConfiguration section */
		C13276CC19FA2D2B00A411A6 /* Debug */ = {
			isa = XCBuildConfiguration;
			buildSettings = {
				ALWAYS_SEARCH_USER_PATHS = NO;
				CLANG_CXX_LANGUAGE_STANDARD = "gnu++0x";
				CLANG_CXX_LIBRARY = "libc++";
				CLANG_ENABLE_MODULES = YES;
				CLANG_ENABLE_OBJC_ARC = YES;
				CLANG_WARN_BOOL_CONVERSION = YES;
				CLANG_WARN_CONSTANT_CONVERSION = YES;
				CLANG_WARN_DIRECT_OBJC_ISA_USAGE = YES_ERROR;
				CLANG_WARN_EMPTY_BODY = YES;
				CLANG_WARN_ENUM_CONVERSION = YES;
				CLANG_WARN_INT_CONVERSION = YES;
				CLANG_WARN_OBJC_ROOT_CLASS = YES_ERROR;
				CLANG_WARN_UNREACHABLE_CODE = YES;
				CLANG_WARN__DUPLICATE_METHOD_MATCH = YES;
				"CODE_SIGN_IDENTITY[sdk=iphoneos*]" = "iPhone Developer";
				COPY_PHASE_STRIP = NO;
				ENABLE_STRICT_OBJC_MSGSEND = YES;
				GCC_C_LANGUAGE_STANDARD = gnu99;
				GCC_DYNAMIC_NO_PIC = NO;
				GCC_OPTIMIZATION_LEVEL = 0;
				GCC_PREPROCESSOR_DEFINITIONS = (
					"DEBUG=1",
					"$(inherited)",
				);
				GCC_SYMBOLS_PRIVATE_EXTERN = NO;
				GCC_WARN_64_TO_32_BIT_CONVERSION = YES;
				GCC_WARN_ABOUT_RETURN_TYPE = YES_ERROR;
				GCC_WARN_UNDECLARED_SELECTOR = YES;
				GCC_WARN_UNINITIALIZED_AUTOS = YES_AGGRESSIVE;
				GCC_WARN_UNUSED_FUNCTION = YES;
				GCC_WARN_UNUSED_VARIABLE = YES;
				IPHONEOS_DEPLOYMENT_TARGET = 7.1;
				MTL_ENABLE_DEBUG_INFO = YES;
				ONLY_ACTIVE_ARCH = YES;
				SDKROOT = iphoneos;
			};
			name = Debug;
		};
		C13276CD19FA2D2B00A411A6 /* Release */ = {
			isa = XCBuildConfiguration;
			buildSettings = {
				ALWAYS_SEARCH_USER_PATHS = NO;
				CLANG_CXX_LANGUAGE_STANDARD = "gnu++0x";
				CLANG_CXX_LIBRARY = "libc++";
				CLANG_ENABLE_MODULES = YES;
				CLANG_ENABLE_OBJC_ARC = YES;
				CLANG_WARN_BOOL_CONVERSION = YES;
				CLANG_WARN_CONSTANT_CONVERSION = YES;
				CLANG_WARN_DIRECT_OBJC_ISA_USAGE = YES_ERROR;
				CLANG_WARN_EMPTY_BODY = YES;
				CLANG_WARN_ENUM_CONVERSION = YES;
				CLANG_WARN_INT_CONVERSION = YES;
				CLANG_WARN_OBJC_ROOT_CLASS = YES_ERROR;
				CLANG_WARN_UNREACHABLE_CODE = YES;
				CLANG_WARN__DUPLICATE_METHOD_MATCH = YES;
				"CODE_SIGN_IDENTITY[sdk=iphoneos*]" = "iPhone Developer";
				COPY_PHASE_STRIP = YES;
				ENABLE_NS_ASSERTIONS = NO;
				ENABLE_STRICT_OBJC_MSGSEND = YES;
				GCC_C_LANGUAGE_STANDARD = gnu99;
				GCC_WARN_64_TO_32_BIT_CONVERSION = YES;
				GCC_WARN_ABOUT_RETURN_TYPE = YES_ERROR;
				GCC_WARN_UNDECLARED_SELECTOR = YES;
				GCC_WARN_UNINITIALIZED_AUTOS = YES_AGGRESSIVE;
				GCC_WARN_UNUSED_FUNCTION = YES;
				GCC_WARN_UNUSED_VARIABLE = YES;
				IPHONEOS_DEPLOYMENT_TARGET = 7.1;
				MTL_ENABLE_DEBUG_INFO = NO;
				SDKROOT = iphoneos;
				VALIDATE_PRODUCT = YES;
			};
			name = Release;
		};
		C13276CF19FA2D2B00A411A6 /* Debug */ = {
			isa = XCBuildConfiguration;
			buildSettings = {
				ASSETCATALOG_COMPILER_APPICON_NAME = AppIcon;
				INFOPLIST_FILE = "RELEASE 1/Info.plist";
				IPHONEOS_DEPLOYMENT_TARGET = 7.1;
				LD_RUNPATH_SEARCH_PATHS = "$(inherited) @executable_path/Frameworks";
				PRODUCT_NAME = "$(TARGET_NAME)";
			};
			name = Debug;
		};
		C13276D019FA2D2B00A411A6 /* Release */ = {
			isa = XCBuildConfiguration;
			buildSettings = {
				ASSETCATALOG_COMPILER_APPICON_NAME = AppIcon;
				INFOPLIST_FILE = "RELEASE 1/Info.plist";
				IPHONEOS_DEPLOYMENT_TARGET = 7.1;
				LD_RUNPATH_SEARCH_PATHS = "$(inherited) @executable_path/Frameworks";
				PRODUCT_NAME = "$(TARGET_NAME)";
			};
			name = Release;
		};
		C13276D219FA2D2B00A411A6 /* Debug */ = {
			isa = XCBuildConfiguration;
			buildSettings = {
				BUNDLE_LOADER = "$(TEST_HOST)";
				FRAMEWORK_SEARCH_PATHS = (
					"$(SDKROOT)/Developer/Library/Frameworks",
					"$(inherited)",
				);
				GCC_PREPROCESSOR_DEFINITIONS = (
					"DEBUG=1",
					"$(inherited)",
				);
				INFOPLIST_FILE = "RELEASE 1Tests/Info.plist";
				LD_RUNPATH_SEARCH_PATHS = "$(inherited) @executable_path/Frameworks @loader_path/Frameworks";
				PRODUCT_NAME = "$(TARGET_NAME)";
				TEST_HOST = "$(BUILT_PRODUCTS_DIR)/RELEASE 1.app/RELEASE 1";
			};
			name = Debug;
		};
		C13276D319FA2D2B00A411A6 /* Release */ = {
			isa = XCBuildConfiguration;
			buildSettings = {
				BUNDLE_LOADER = "$(TEST_HOST)";
				FRAMEWORK_SEARCH_PATHS = (
					"$(SDKROOT)/Developer/Library/Frameworks",
					"$(inherited)",
				);
				INFOPLIST_FILE = "RELEASE 1Tests/Info.plist";
				LD_RUNPATH_SEARCH_PATHS = "$(inherited) @executable_path/Frameworks @loader_path/Frameworks";
				PRODUCT_NAME = "$(TARGET_NAME)";
				TEST_HOST = "$(BUILT_PRODUCTS_DIR)/RELEASE 1.app/RELEASE 1";
			};
			name = Release;
		};
/* End XCBuildConfiguration section */

/* Begin XCConfigurationList section */
		C13276A319FA2D2B00A411A6 /* Build configuration list for PBXProject "RELEASE 1" */ = {
			isa = XCConfigurationList;
			buildConfigurations = (
				C13276CC19FA2D2B00A411A6 /* Debug */,
				C13276CD19FA2D2B00A411A6 /* Release */,
			);
			defaultConfigurationIsVisible = 0;
			defaultConfigurationName = Release;
		};
		C13276CE19FA2D2B00A411A6 /* Build configuration list for PBXNativeTarget "RELEASE 1" */ = {
			isa = XCConfigurationList;
			buildConfigurations = (
				C13276CF19FA2D2B00A411A6 /* Debug */,
				C13276D019FA2D2B00A411A6 /* Release */,
			);
			defaultConfigurationIsVisible = 0;
		};
		C13276D119FA2D2B00A411A6 /* Build configuration list for PBXNativeTarget "RELEASE 1Tests" */ = {
			isa = XCConfigurationList;
			buildConfigurations = (
				C13276D219FA2D2B00A411A6 /* Debug */,
				C13276D319FA2D2B00A411A6 /* Release */,
			);
			defaultConfigurationIsVisible = 0;
		};
/* End XCConfigurationList section */
	};
	rootObject = C13276A019FA2D2B00A411A6 /* Project object */;
}
